{
    
    "name": "FrontPI4",
    
    "version": "1.0.0",
    
    "lockfileVersion": 3,
    
    "requires": true,
    
    "packages": {
    
        
    "": {
    
        
        
    "name": "FrontPI4",
    
        
        
    "version": "1.0.0",
    
        
        
    "dependencies": {
    
        
        
        
    "FrontPI4": "file:"
    
        
        
    }
    
        
    },
    
        
    "node_modules/FrontPI4": {
    
        
        
    "resolved": "",
    
        
        
    "link": true
    
        
    }
    
    }
}
